
Microsoft Visual Studio Solution File, Format Version 12.00
# Visual Studio 2012
Project("{FAE04EC0-301F-11D3-BF4B-00C04F79EFBC}") = "Productify.Presentation.MVC.Tests", "Productify.Presentation.Tests\Productify.Presentation.MVC.Tests.csproj", "{FCFAA8E3-A43D-4B04-9B44-6701CA8ED01C}"
EndProject
Project("{FAE04EC0-301F-11D3-BF4B-00C04F79EFBC}") = "Productify.Data.EF", "Productify.Data\Productify.Data.EF.csproj", "{B8929F01-DEC1-42DF-A6DD-D6CD5D84FD58}"
EndProject
Project("{FAE04EC0-301F-11D3-BF4B-00C04F79EFBC}") = "Productify.Domain", "Productify.Domain\Productify.Domain.csproj", "{3D2E6AE8-1838-4F2B-95ED-52C3C78AEEB7}"
EndProject
Project("{2150E333-8FDC-42A3-9474-1A3956D46DE8}") = "Data", "Data", "{C1B497D7-FAEB-4140-879F-076A49D2C8CF}"
EndProject
Project("{2150E333-8FDC-42A3-9474-1A3956D46DE8}") = "Domain", "Domain", "{BAE8F23A-DEC4-4C39-8625-704A82E396D4}"
EndProject
Project("{FAE04EC0-301F-11D3-BF4B-00C04F79EFBC}") = "Productify.Domain.Services", "Productify.Domain.Services\Productify.Domain.Services.csproj", "{B6628A71-7431-4C8F-A7C9-CB2A4FDB1ECC}"
EndProject
Project("{2150E333-8FDC-42A3-9474-1A3956D46DE8}") = "Presentation", "Presentation", "{49D21708-395A-4282-8343-206506B025A7}"
EndProject
Project("{2150E333-8FDC-42A3-9474-1A3956D46DE8}") = "MVC", "MVC", "{1FF8B3DE-4756-4AEC-A99E-2C9AA7507D20}"
EndProject
Project("{2150E333-8FDC-42A3-9474-1A3956D46DE8}") = "Web Forms", "Web Forms", "{072D3788-60AD-4532-B78E-38E9CDB0C3CF}"
EndProject
Project("{FAE04EC0-301F-11D3-BF4B-00C04F79EFBC}") = "Productify.Presentation.WebForms", "Productify.Presentation.WebForms\Productify.Presentation.WebForms.csproj", "{0BB9EC6D-0D71-4EA0-B5C7-EDE0D28040D7}"
EndProject
Project("{2150E333-8FDC-42A3-9474-1A3956D46DE8}") = "ConsoleApp", "ConsoleApp", "{9258D4F8-3CEE-4309-884E-A8C1B82E3F56}"
EndProject
Project("{FAE04EC0-301F-11D3-BF4B-00C04F79EFBC}") = "Productify.Presentation.ConsoleApp", "Productify.Presentation.ConsoleApp\Productify.Presentation.ConsoleApp.csproj", "{B6853C64-DBC1-4D92-8314-ED73BF82F893}"
EndProject
Project("{FAE04EC0-301F-11D3-BF4B-00C04F79EFBC}") = "Productify.Presentation.MVC", "Productify.Presentation.MVC\Productify.Presentation.MVC.csproj", "{167DCE81-3145-449D-9D0B-8EE16C7CD965}"
EndProject
Project("{FAE04EC0-301F-11D3-BF4B-00C04F79EFBC}") = "Productify.Data.Dapper", "Productify.Data.Dapper\Productify.Data.Dapper.csproj", "{EBB6B058-6244-406E-A10F-853136C67A76}"
EndProject
Project("{2150E333-8FDC-42A3-9474-1A3956D46DE8}") = "TightlyCoupled", "TightlyCoupled", "{9234D27F-52F6-4C8E-ACDB-508D417DC912}"
EndProject
Project("{FAE04EC0-301F-11D3-BF4B-00C04F79EFBC}") = "Productify.TightlyCoupled", "Productify.TightlyCoupled\Productify.TightlyCoupled.csproj", "{434A7DE4-2A21-4725-96C4-B272D283D08E}"
EndProject
Project("{2150E333-8FDC-42A3-9474-1A3956D46DE8}") = "LooselyCoupled", "LooselyCoupled", "{F5A46820-3ED0-499C-B393-6B12F63C50FD}"
EndProject
Project("{FAE04EC0-301F-11D3-BF4B-00C04F79EFBC}") = "Productify.Data.Nhibernate", "Productify.Data.Nhibernate\Productify.Data.Nhibernate.csproj", "{D810ED5D-D51C-4FF4-ACC6-2D55BF69BD92}"
EndProject
Global
	GlobalSection(SolutionConfigurationPlatforms) = preSolution
		Debug|Any CPU = Debug|Any CPU
		Release|Any CPU = Release|Any CPU
	EndGlobalSection
	GlobalSection(ProjectConfigurationPlatforms) = postSolution
		{FCFAA8E3-A43D-4B04-9B44-6701CA8ED01C}.Debug|Any CPU.ActiveCfg = Debug|Any CPU
		{FCFAA8E3-A43D-4B04-9B44-6701CA8ED01C}.Debug|Any CPU.Build.0 = Debug|Any CPU
		{FCFAA8E3-A43D-4B04-9B44-6701CA8ED01C}.Release|Any CPU.ActiveCfg = Release|Any CPU
		{FCFAA8E3-A43D-4B04-9B44-6701CA8ED01C}.Release|Any CPU.Build.0 = Release|Any CPU
		{B8929F01-DEC1-42DF-A6DD-D6CD5D84FD58}.Debug|Any CPU.ActiveCfg = Debug|Any CPU
		{B8929F01-DEC1-42DF-A6DD-D6CD5D84FD58}.Debug|Any CPU.Build.0 = Debug|Any CPU
		{B8929F01-DEC1-42DF-A6DD-D6CD5D84FD58}.Release|Any CPU.ActiveCfg = Release|Any CPU
		{B8929F01-DEC1-42DF-A6DD-D6CD5D84FD58}.Release|Any CPU.Build.0 = Release|Any CPU
		{3D2E6AE8-1838-4F2B-95ED-52C3C78AEEB7}.Debug|Any CPU.ActiveCfg = Debug|Any CPU
		{3D2E6AE8-1838-4F2B-95ED-52C3C78AEEB7}.Debug|Any CPU.Build.0 = Debug|Any CPU
		{3D2E6AE8-1838-4F2B-95ED-52C3C78AEEB7}.Release|Any CPU.ActiveCfg = Release|Any CPU
		{3D2E6AE8-1838-4F2B-95ED-52C3C78AEEB7}.Release|Any CPU.Build.0 = Release|Any CPU
		{B6628A71-7431-4C8F-A7C9-CB2A4FDB1ECC}.Debug|Any CPU.ActiveCfg = Debug|Any CPU
		{B6628A71-7431-4C8F-A7C9-CB2A4FDB1ECC}.Debug|Any CPU.Build.0 = Debug|Any CPU
		{B6628A71-7431-4C8F-A7C9-CB2A4FDB1ECC}.Release|Any CPU.ActiveCfg = Release|Any CPU
		{B6628A71-7431-4C8F-A7C9-CB2A4FDB1ECC}.Release|Any CPU.Build.0 = Release|Any CPU
		{0BB9EC6D-0D71-4EA0-B5C7-EDE0D28040D7}.Debug|Any CPU.ActiveCfg = Debug|Any CPU
		{0BB9EC6D-0D71-4EA0-B5C7-EDE0D28040D7}.Debug|Any CPU.Build.0 = Debug|Any CPU
		{0BB9EC6D-0D71-4EA0-B5C7-EDE0D28040D7}.Release|Any CPU.ActiveCfg = Release|Any CPU
		{0BB9EC6D-0D71-4EA0-B5C7-EDE0D28040D7}.Release|Any CPU.Build.0 = Release|Any CPU
		{B6853C64-DBC1-4D92-8314-ED73BF82F893}.Debug|Any CPU.ActiveCfg = Debug|Any CPU
		{B6853C64-DBC1-4D92-8314-ED73BF82F893}.Debug|Any CPU.Build.0 = Debug|Any CPU
		{B6853C64-DBC1-4D92-8314-ED73BF82F893}.Release|Any CPU.ActiveCfg = Release|Any CPU
		{B6853C64-DBC1-4D92-8314-ED73BF82F893}.Release|Any CPU.Build.0 = Release|Any CPU
		{167DCE81-3145-449D-9D0B-8EE16C7CD965}.Debug|Any CPU.ActiveCfg = Debug|Any CPU
		{167DCE81-3145-449D-9D0B-8EE16C7CD965}.Debug|Any CPU.Build.0 = Debug|Any CPU
		{167DCE81-3145-449D-9D0B-8EE16C7CD965}.Release|Any CPU.ActiveCfg = Release|Any CPU
		{167DCE81-3145-449D-9D0B-8EE16C7CD965}.Release|Any CPU.Build.0 = Release|Any CPU
		{EBB6B058-6244-406E-A10F-853136C67A76}.Debug|Any CPU.ActiveCfg = Debug|Any CPU
		{EBB6B058-6244-406E-A10F-853136C67A76}.Debug|Any CPU.Build.0 = Debug|Any CPU
		{EBB6B058-6244-406E-A10F-853136C67A76}.Release|Any CPU.ActiveCfg = Release|Any CPU
		{EBB6B058-6244-406E-A10F-853136C67A76}.Release|Any CPU.Build.0 = Release|Any CPU
		{434A7DE4-2A21-4725-96C4-B272D283D08E}.Debug|Any CPU.ActiveCfg = Debug|Any CPU
		{434A7DE4-2A21-4725-96C4-B272D283D08E}.Debug|Any CPU.Build.0 = Debug|Any CPU
		{434A7DE4-2A21-4725-96C4-B272D283D08E}.Release|Any CPU.ActiveCfg = Release|Any CPU
		{434A7DE4-2A21-4725-96C4-B272D283D08E}.Release|Any CPU.Build.0 = Release|Any CPU
		{D810ED5D-D51C-4FF4-ACC6-2D55BF69BD92}.Debug|Any CPU.ActiveCfg = Debug|Any CPU
		{D810ED5D-D51C-4FF4-ACC6-2D55BF69BD92}.Debug|Any CPU.Build.0 = Debug|Any CPU
		{D810ED5D-D51C-4FF4-ACC6-2D55BF69BD92}.Release|Any CPU.ActiveCfg = Release|Any CPU
		{D810ED5D-D51C-4FF4-ACC6-2D55BF69BD92}.Release|Any CPU.Build.0 = Release|Any CPU
	EndGlobalSection
	GlobalSection(SolutionProperties) = preSolution
		HideSolutionNode = FALSE
	EndGlobalSection
	GlobalSection(NestedProjects) = preSolution
		{C1B497D7-FAEB-4140-879F-076A49D2C8CF} = {F5A46820-3ED0-499C-B393-6B12F63C50FD}
		{BAE8F23A-DEC4-4C39-8625-704A82E396D4} = {F5A46820-3ED0-499C-B393-6B12F63C50FD}
		{49D21708-395A-4282-8343-206506B025A7} = {F5A46820-3ED0-499C-B393-6B12F63C50FD}
		{B8929F01-DEC1-42DF-A6DD-D6CD5D84FD58} = {C1B497D7-FAEB-4140-879F-076A49D2C8CF}
		{EBB6B058-6244-406E-A10F-853136C67A76} = {C1B497D7-FAEB-4140-879F-076A49D2C8CF}
		{D810ED5D-D51C-4FF4-ACC6-2D55BF69BD92} = {C1B497D7-FAEB-4140-879F-076A49D2C8CF}
		{3D2E6AE8-1838-4F2B-95ED-52C3C78AEEB7} = {BAE8F23A-DEC4-4C39-8625-704A82E396D4}
		{B6628A71-7431-4C8F-A7C9-CB2A4FDB1ECC} = {BAE8F23A-DEC4-4C39-8625-704A82E396D4}
		{1FF8B3DE-4756-4AEC-A99E-2C9AA7507D20} = {49D21708-395A-4282-8343-206506B025A7}
		{072D3788-60AD-4532-B78E-38E9CDB0C3CF} = {49D21708-395A-4282-8343-206506B025A7}
		{9258D4F8-3CEE-4309-884E-A8C1B82E3F56} = {49D21708-395A-4282-8343-206506B025A7}
		{167DCE81-3145-449D-9D0B-8EE16C7CD965} = {1FF8B3DE-4756-4AEC-A99E-2C9AA7507D20}
		{FCFAA8E3-A43D-4B04-9B44-6701CA8ED01C} = {1FF8B3DE-4756-4AEC-A99E-2C9AA7507D20}
		{0BB9EC6D-0D71-4EA0-B5C7-EDE0D28040D7} = {072D3788-60AD-4532-B78E-38E9CDB0C3CF}
		{B6853C64-DBC1-4D92-8314-ED73BF82F893} = {9258D4F8-3CEE-4309-884E-A8C1B82E3F56}
		{434A7DE4-2A21-4725-96C4-B272D283D08E} = {9234D27F-52F6-4C8E-ACDB-508D417DC912}
	EndGlobalSection
	GlobalSection(ExtensibilityGlobals) = postSolution
		EnterpriseLibraryConfigurationToolBinariesPath = packages\Unity.2.1.505.2\lib\NET35;packages\Unity.Interception.2.1.505.2\lib\NET35;packages\EnterpriseLibrary.Common.5.0.505.0\lib\NET35;packages\EnterpriseLibrary.Validation.5.0.505.0\lib\NET35
	EndGlobalSection
EndGlobal
